
Microsoft Visual Studio Solution File, Format Version 12.00
# Visual Studio Version 17
VisualStudioVersion = 17.9.34728.123
MinimumVisualStudioVersion = 10.0.40219.1
Project("{9A19103F-16F7-4668-BE54-9A1E7A4F7556}") = "SaveImageToRequiredFolder", "SaveImageToRequiredFolder\SaveImageToRequiredFolder.csproj", "{23131F74-2655-4B7D-96A6-6C6E01D07797}"
EndProject
Project("{FAE04EC0-301F-11D3-BF4B-00C04F79EFBC}") = "Usb button push detection", "Usb button push detection\Usb button push detection.csproj", "{BCF245B2-F018-41B3-8C81-B17697DB4F44}"
EndProject
Global
	GlobalSection(SolutionConfigurationPlatforms) = preSolution
		Debug|Any CPU = Debug|Any CPU
		Release|Any CPU = Release|Any CPU
	EndGlobalSection
	GlobalSection(ProjectConfigurationPlatforms) = postSolution
		{23131F74-2655-4B7D-96A6-6C6E01D07797}.Debug|Any CPU.ActiveCfg = Debug|Any CPU
		{23131F74-2655-4B7D-96A6-6C6E01D07797}.Debug|Any CPU.Build.0 = Debug|Any CPU
		{23131F74-2655-4B7D-96A6-6C6E01D07797}.Release|Any CPU.ActiveCfg = Release|Any CPU
		{23131F74-2655-4B7D-96A6-6C6E01D07797}.Release|Any CPU.Build.0 = Release|Any CPU
		{BCF245B2-F018-41B3-8C81-B17697DB4F44}.Debug|Any CPU.ActiveCfg = Debug|Any CPU
		{BCF245B2-F018-41B3-8C81-B17697DB4F44}.Debug|Any CPU.Build.0 = Debug|Any CPU
		{BCF245B2-F018-41B3-8C81-B17697DB4F44}.Release|Any CPU.ActiveCfg = Release|Any CPU
		{BCF245B2-F018-41B3-8C81-B17697DB4F44}.Release|Any CPU.Build.0 = Release|Any CPU
	EndGlobalSection
	GlobalSection(SolutionProperties) = preSolution
		HideSolutionNode = FALSE
	EndGlobalSection
	GlobalSection(ExtensibilityGlobals) = postSolution
		SolutionGuid = {7E5000A0-F9E9-42F7-95E9-A65BC53B3BA4}
	EndGlobalSection
EndGlobal
